
Microsoft Visual Studio Solution File, Format Version 12.00
# Visual Studio Version 16
VisualStudioVersion = 16.0.28803.352
MinimumVisualStudioVersion = 10.0.40219.1
Project("{FAE04EC0-301F-11D3-BF4B-00C04F79EFBC}") = "ConsoleApp1", "ConsoleApp1.csproj", "{6F8767D4-E9BC-4748-99BB-2655364E4E36}"
EndProject
Global
	GlobalSection(SolutionConfigurationPlatforms) = preSolution
		Debug|Any CPU = Debug|Any CPU
		Release|Any CPU = Release|Any CPU
	EndGlobalSection
	GlobalSection(ProjectConfigurationPlatforms) = postSolution
		{6F8767D4-E9BC-4748-99BB-2655364E4E36}.Debug|Any CPU.ActiveCfg = Debug|Any CPU
		{6F8767D4-E9BC-4748-99BB-2655364E4E36}.Debug|Any CPU.Build.0 = Debug|Any CPU
		{6F8767D4-E9BC-4748-99BB-2655364E4E36}.Release|Any CPU.ActiveCfg = Release|Any CPU
		{6F8767D4-E9BC-4748-99BB-2655364E4E36}.Release|Any CPU.Build.0 = Release|Any CPU
	EndGlobalSection
	GlobalSection(SolutionProperties) = preSolution
		HideSolutionNode = FALSE
	EndGlobalSection
	GlobalSection(ExtensibilityGlobals) = postSolution
		SolutionGuid = {A0C04767-DBEE-4643-A17F-7FA4B502AFD5}
	EndGlobalSection
EndGlobal
